
Microsoft Visual Studio Solution File, Format Version 12.00
# Visual Studio Version 17
VisualStudioVersion = 17.2.32616.157
MinimumVisualStudioVersion = 10.0.40219.1
Project("{9A19103F-16F7-4668-BE54-9A1E7A4F7556}") = "BookStore.API", "BookStore.API\BookStore.API.csproj", "{A2FAA286-9EF4-4793-94A6-6D578F4014D7}"
EndProject
Project("{9A19103F-16F7-4668-BE54-9A1E7A4F7556}") = "BookStore.Models", "BookStore.Models\BookStore.Models.csproj", "{8B7F4E3C-CC88-4EEA-BEE0-AD96563F2F42}"
EndProject
Project("{9A19103F-16F7-4668-BE54-9A1E7A4F7556}") = "BookStore.Repository", "BookStore.Repository\BookStore.Repository.csproj", "{5C858B16-6CCB-4320-A667-ED58DD692D6F}"
EndProject
Global
	GlobalSection(SolutionConfigurationPlatforms) = preSolution
		Debug|Any CPU = Debug|Any CPU
		Release|Any CPU = Release|Any CPU
	EndGlobalSection
	GlobalSection(ProjectConfigurationPlatforms) = postSolution
		{A2FAA286-9EF4-4793-94A6-6D578F4014D7}.Debug|Any CPU.ActiveCfg = Debug|Any CPU
		{A2FAA286-9EF4-4793-94A6-6D578F4014D7}.Debug|Any CPU.Build.0 = Debug|Any CPU
		{A2FAA286-9EF4-4793-94A6-6D578F4014D7}.Release|Any CPU.ActiveCfg = Release|Any CPU
		{A2FAA286-9EF4-4793-94A6-6D578F4014D7}.Release|Any CPU.Build.0 = Release|Any CPU
		{8B7F4E3C-CC88-4EEA-BEE0-AD96563F2F42}.Debug|Any CPU.ActiveCfg = Debug|Any CPU
		{8B7F4E3C-CC88-4EEA-BEE0-AD96563F2F42}.Debug|Any CPU.Build.0 = Debug|Any CPU
		{8B7F4E3C-CC88-4EEA-BEE0-AD96563F2F42}.Release|Any CPU.ActiveCfg = Release|Any CPU
		{8B7F4E3C-CC88-4EEA-BEE0-AD96563F2F42}.Release|Any CPU.Build.0 = Release|Any CPU
		{5C858B16-6CCB-4320-A667-ED58DD692D6F}.Debug|Any CPU.ActiveCfg = Debug|Any CPU
		{5C858B16-6CCB-4320-A667-ED58DD692D6F}.Debug|Any CPU.Build.0 = Debug|Any CPU
		{5C858B16-6CCB-4320-A667-ED58DD692D6F}.Release|Any CPU.ActiveCfg = Release|Any CPU
		{5C858B16-6CCB-4320-A667-ED58DD692D6F}.Release|Any CPU.Build.0 = Release|Any CPU
	EndGlobalSection
	GlobalSection(SolutionProperties) = preSolution
		HideSolutionNode = FALSE
	EndGlobalSection
	GlobalSection(ExtensibilityGlobals) = postSolution
		SolutionGuid = {EF519935-DAEE-4031-98BF-885F54A478B5}
	EndGlobalSection
EndGlobal
